{
  "nodes": {
    "agent-config": {
      "inputs": {
        "nixpkgs": [
          "nixpkgs"
        ]
      },
      "locked": {
        "lastModified": 1787925588,
        "narHash": "sha256-aB3Pmrsr4G+AHNDJAskEAx2JB3Vyco1f0URpJWaw+dA=",
        "ref": "main",
        "rev": "a037a63886aeb558e1f424babd6f4aef775684b5",
        "revCount": 25,
        "type": "git",
        "url": "ssh://git@github.com/ttizze/agent-config.git"
      },
      "original": {
        "ref": "main",
        "type": "git",
        "url": "ssh://git@github.com/ttizze/agent-config.git"
      }
    },
    "brew-src": {
      "flake": false,
      "locked": {
        "lastModified": 1786945682,
        "narHash": "sha256-VBESSoJccikdhxh3vp3SQeG7cZXTOulMvVkoSqNDEhs=",
        "owner": "Homebrew",
        "repo": "brew",
        "rev": "5b90e281d4e0c8fbd6ca4d8358276fb305b8d0bd",
        "type": "github"
      },
      "original": {
        "owner": "Homebrew",
        "ref": "6.0.18",
        "repo": "brew",
        "type": "github"
      }
    },
    "home-manager": {
      "inputs": {
        "nixpkgs": [
          "nixpkgs"
        ]
      },
      "locked": {
        "lastModified": 1787540599,
        "narHash": "sha256-MHwk52ty3NsLhq9a1IbIfBJZlCUJIdiUYFo52JLK9hY=",
        "ref": "master",
        "rev": "03f4cd46bc1dd4f3a96da778d2ce9f7ce39dd450",
        "revCount": 7182,
        "type": "git",
        "url": "https://github.com/nix-community/home-manager.git"
      },
      "original": {
        "ref": "master",
        "type": "git",
        "url": "https://github.com/nix-community/home-manager.git"
      }
    },
    "homebrew-aerospace": {
      "flake": false,
      "locked": {
        "lastModified": 1784218089,
        "narHash": "sha256-2FfJuPb9CaXPOU71NWPjoiENUoGQepSr/IkKQMLkFaQ=",
        "ref": "main",
        "rev": "13b49a6711cc9d2f4555056b4f7023c8ad2bbb4b",
        "revCount": 98,
        "type": "git",
        "url": "https://github.com/nikitabobko/homebrew-tap.git"
      },
      "original": {
        "ref": "main",
        "type": "git",
        "url": "https://github.com/nikitabobko/homebrew-tap.git"
      }
    },
    "homebrew-cask": {
      "flake": false,
      "locked": {
        "lastModified": 1787582393,
        "narHash": "sha256-rqINQq8XuVD29e9Z3QymTmVqo6Kkyd4towOehJ+JTIc=",
        "ref": "main",
        "rev": "6987ff6157c43deab5fa90b58cd8932e8a196d3e",
        "revCount": 459818,
        "type": "git",
        "url": "https://github.com/Homebrew/homebrew-cask.git"
      },
      "original": {
        "ref": "main",
        "type": "git",
        "url": "https://github.com/Homebrew/homebrew-cask.git"
      }
    },
    "homebrew-core": {
      "flake": false,
      "locked": {
        "lastModified": 1787587048,
        "narHash": "sha256-oOtwbu8/Rd52Lptcz9e5IqKxrSLRcENHBV9UKF+LCmg=",
        "ref": "main",
        "rev": "fead4f1e1d9af822c128d54f2f66c02f86e70818",
        "revCount": 859864,
        "type": "git",
        "url": "https://github.com/Homebrew/homebrew-core.git"
      },
      "original": {
        "ref": "main",
        "type": "git",
        "url": "https://github.com/Homebrew/homebrew-core.git"
      }
    },
    "nix-darwin": {
      "inputs": {
        "nixpkgs": [
          "nixpkgs"
        ]
      },
      "locked": {
        "lastModified": 1786845137,
        "narHash": "sha256-oQFip+v0luP8NIxJzmiW4Wu8bILsbFWom5l0zonl8hQ=",
        "ref": "master",
        "rev": "4cff07de74b50e64bdd68cd4e722ab5b6b35ee48",
        "revCount": 2406,
        "type": "git",
        "url": "https://github.com/nix-darwin/nix-darwin.git"
      },
      "original": {
        "ref": "master",
        "type": "git",
        "url": "https://github.com/nix-darwin/nix-darwin.git"
      }
    },
    "nix-homebrew": {
      "inputs": {
        "brew-src": "brew-src"
      },
      "locked": {
        "lastModified": 1787330919,
        "narHash": "sha256-LslMncqN7uOOH5S88WZtO/EVt2HwD8ltUnfyANk+mC0=",
        "ref": "main",
        "rev": "b00218e4aec0e5bf07d61a0bb13f842faa582d7b",
        "revCount": 166,
        "type": "git",
        "url": "https://github.com/zhaofengli-wip/nix-homebrew.git"
      },
      "original": {
        "ref": "main",
        "type": "git",
        "url": "https://github.com/zhaofengli-wip/nix-homebrew.git"
      }
    },
    "nixpkgs": {
      "locked": {
        "lastModified": 1787394516,
        "narHash": "sha256-pRGOQSClnXNI2iLUG6DYpsGvYcuw0drOutVZFTJNw90=",
        "ref": "nixpkgs-unstable",
        "rev": "c8f90650c15282fa8656a041bfbbd2403997a9a7",
        "revCount": 1059707,
        "type": "git",
        "url": "https://github.com/NixOS/nixpkgs.git"
      },
      "original": {
        "ref": "nixpkgs-unstable",
        "type": "git",
        "url": "https://github.com/NixOS/nixpkgs.git"
      }
    },
    "root": {
      "inputs": {
        "agent-config": "agent-config",
        "home-manager": "home-manager",
        "homebrew-aerospace": "homebrew-aerospace",
        "homebrew-cask": "homebrew-cask",
        "homebrew-core": "homebrew-core",
        "nix-darwin": "nix-darwin",
        "nix-homebrew": "nix-homebrew",
        "nixpkgs": "nixpkgs"
      }
    }
  },
  "root": "root",
  "version": 7
}
