{
  "nodes": {
    "agent-config": {
      "inputs": {
        "nixpkgs": [
          "nixpkgs"
        ]
      },
      "locked": {
        "lastModified": 1784008610,
        "narHash": "sha256-9LVuvB4vge83OGAkpi6khwN5eynr0TZO+ZZEwKvLNFw=",
        "ref": "main",
        "rev": "36b3af1eb0a9f1a80371fc07b20664c0ba5baaee",
        "revCount": 12,
        "type": "git",
        "url": "ssh://git@github.com/ttizze/agent-config.git"
      },
      "original": {
        "ref": "main",
        "type": "git",
        "url": "ssh://git@github.com/ttizze/agent-config.git"
      }
    },
    "brew-src": {
      "flake": false,
      "locked": {
        "lastModified": 1783446865,
        "narHash": "sha256-nCrPEbQjgnSAOVWTxRXD9Yi6P3oECdtZISYcQCFI9Fs=",
        "owner": "Homebrew",
        "repo": "brew",
        "rev": "655769712a9a9499563d9685a8488f349354492d",
        "type": "github"
      },
      "original": {
        "owner": "Homebrew",
        "ref": "6.0.9",
        "repo": "brew",
        "type": "github"
      }
    },
    "home-manager": {
      "inputs": {
        "nixpkgs": [
          "nixpkgs"
        ]
      },
      "locked": {
        "lastModified": 1783823409,
        "narHash": "sha256-OI4IkRjRXa1e7hYmCGJDPDq5H/kPwhsyoS80cNUF9fI=",
        "owner": "nix-community",
        "repo": "home-manager",
        "rev": "7566825d4652a1b885bd4ce65bd9e8def432fec9",
        "type": "github"
      },
      "original": {
        "owner": "nix-community",
        "ref": "master",
        "repo": "home-manager",
        "type": "github"
      }
    },
    "homebrew-cask": {
      "flake": false,
      "locked": {
        "lastModified": 1783932834,
        "narHash": "sha256-OP0vqaRaSojcKiOSX+FjGvp+Z+7cKwrvfKOyqf2lY1c=",
        "owner": "homebrew",
        "repo": "homebrew-cask",
        "rev": "0969f19b01fe6a8e082e9a02f511b0585c21e1aa",
        "type": "github"
      },
      "original": {
        "owner": "homebrew",
        "repo": "homebrew-cask",
        "type": "github"
      }
    },
    "homebrew-core": {
      "flake": false,
      "locked": {
        "lastModified": 1783931182,
        "narHash": "sha256-dHR3rNoJQGNzXWOfYP50ir0vONQyTN7rkfPso26DysQ=",
        "owner": "homebrew",
        "repo": "homebrew-core",
        "rev": "1f672559957a8e8a275f0102e1069e9022eaad0b",
        "type": "github"
      },
      "original": {
        "owner": "homebrew",
        "repo": "homebrew-core",
        "type": "github"
      }
    },
    "nix-darwin": {
      "inputs": {
        "nixpkgs": [
          "nixpkgs"
        ]
      },
      "locked": {
        "lastModified": 1783395956,
        "narHash": "sha256-AAbexQvDoK+6GFJdhY6kqjA+6ECKRkidgWxkn4gMwAA=",
        "owner": "nix-darwin",
        "repo": "nix-darwin",
        "rev": "d5bd9cd77aea4c0a8f49e7fd85545671a208ed15",
        "type": "github"
      },
      "original": {
        "owner": "nix-darwin",
        "ref": "master",
        "repo": "nix-darwin",
        "type": "github"
      }
    },
    "nix-homebrew": {
      "inputs": {
        "brew-src": "brew-src"
      },
      "locked": {
        "lastModified": 1783875858,
        "narHash": "sha256-+yYNOkj/bkVQmwKH0hewqwBwAEoh4Gq2BmQPIP1jNrg=",
        "owner": "zhaofengli-wip",
        "repo": "nix-homebrew",
        "rev": "60641da8324e6a1af716a0340d901ccb131c91ef",
        "type": "github"
      },
      "original": {
        "owner": "zhaofengli-wip",
        "repo": "nix-homebrew",
        "type": "github"
      }
    },
    "nixpkgs": {
      "locked": {
        "lastModified": 1783816212,
        "narHash": "sha256-2aZisVTVGSFEk3MYcOiWQp3zvwyzbqpktB69Rcfp150=",
        "owner": "NixOS",
        "repo": "nixpkgs",
        "rev": "3b32825de172d0bc85664f495edb096b10862524",
        "type": "github"
      },
      "original": {
        "owner": "NixOS",
        "ref": "nixpkgs-unstable",
        "repo": "nixpkgs",
        "type": "github"
      }
    },
    "root": {
      "inputs": {
        "agent-config": "agent-config",
        "home-manager": "home-manager",
        "homebrew-cask": "homebrew-cask",
        "homebrew-core": "homebrew-core",
        "nix-darwin": "nix-darwin",
        "nix-homebrew": "nix-homebrew",
        "nixpkgs": "nixpkgs"
      }
    }
  },
  "root": "root",
  "version": 7
}
