{
  "nodes": {
    "agent-config": {
      "inputs": {
        "nixpkgs": [
          "nixpkgs"
        ]
      },
      "locked": {
        "lastModified": 1789032861,
        "narHash": "sha256-mvdYSRBw/V9FxXxlSOthU9lueDBrBFBcvhabS+m4+fI=",
        "ref": "main",
        "rev": "2c84d53b028e6e13ae567393613d9f4f8b1dc2e4",
        "revCount": 32,
        "type": "git",
        "url": "ssh://git@github.com/ttizze/agent-config.git"
      },
      "original": {
        "ref": "main",
        "type": "git",
        "url": "ssh://git@github.com/ttizze/agent-config.git"
      }
    },
    "brew-src": {
      "flake": false,
      "locked": {
        "lastModified": 1788591592,
        "narHash": "sha256-NbwVKwKLFl0oXub7oPjvmDaOygCtV2oboeKTu4xXFTk=",
        "owner": "Homebrew",
        "repo": "brew",
        "rev": "08e85c4e42f5d8f1ea17c36cb59cf61c2ccb26c3",
        "type": "github"
      },
      "original": {
        "owner": "Homebrew",
        "ref": "6.0.22",
        "repo": "brew",
        "type": "github"
      }
    },
    "disko": {
      "inputs": {
        "nixpkgs": [
          "nixpkgs-server"
        ]
      },
      "locked": {
        "lastModified": 1781152676,
        "narHash": "sha256-RxWs5ND31KzTG7wvMM+PMfUjyNpmIEr999lqNARaM5o=",
        "owner": "nix-community",
        "repo": "disko",
        "rev": "ff8702b4de27f72b4c78573dfb89ec74e36abdf1",
        "type": "github"
      },
      "original": {
        "owner": "nix-community",
        "repo": "disko",
        "type": "github"
      }
    },
    "home-manager": {
      "inputs": {
        "nixpkgs": [
          "nixpkgs"
        ]
      },
      "locked": {
        "lastModified": 1789012927,
        "narHash": "sha256-+h1H0g2XMGXK0fNUlX4ajCmCz8u05IR7k0Cj2MJviBY=",
        "ref": "master",
        "rev": "df044b78fd9ec60d0e54752169666e6e1d393798",
        "revCount": 7233,
        "type": "git",
        "url": "https://github.com/nix-community/home-manager.git"
      },
      "original": {
        "ref": "master",
        "type": "git",
        "url": "https://github.com/nix-community/home-manager.git"
      }
    },
    "homebrew-aerospace": {
      "flake": false,
      "locked": {
        "lastModified": 1788650992,
        "narHash": "sha256-UtBXjrHvfrPikHajq1SECV+Jc9bwmbbUc/bE37D8Xck=",
        "ref": "main",
        "rev": "9ac0bfc08904719c52a63101fa7e1e133a23bda2",
        "revCount": 99,
        "type": "git",
        "url": "https://github.com/nikitabobko/homebrew-tap.git"
      },
      "original": {
        "ref": "main",
        "type": "git",
        "url": "https://github.com/nikitabobko/homebrew-tap.git"
      }
    },
    "homebrew-cask": {
      "flake": false,
      "locked": {
        "lastModified": 1789022866,
        "narHash": "sha256-6fBnx2LAmKsc7w6wVj8/SI4E4b/akJeEYF78Ldl6eZc=",
        "ref": "main",
        "rev": "6b4a0389ad4226c4170d20121caf34f30f0da89d",
        "revCount": 471216,
        "type": "git",
        "url": "https://github.com/Homebrew/homebrew-cask.git"
      },
      "original": {
        "ref": "main",
        "type": "git",
        "url": "https://github.com/Homebrew/homebrew-cask.git"
      }
    },
    "homebrew-core": {
      "flake": false,
      "locked": {
        "lastModified": 1789031590,
        "narHash": "sha256-V7M6vqP462/IaDCvbYbcKu1Qk5ZpM0RjNO1InVnuMac=",
        "ref": "main",
        "rev": "0103753845a48563b466ef41785f72119025031e",
        "revCount": 870258,
        "type": "git",
        "url": "https://github.com/Homebrew/homebrew-core.git"
      },
      "original": {
        "ref": "main",
        "type": "git",
        "url": "https://github.com/Homebrew/homebrew-core.git"
      }
    },
    "nix-darwin": {
      "inputs": {
        "nixpkgs": [
          "nixpkgs"
        ]
      },
      "locked": {
        "lastModified": 1786845137,
        "narHash": "sha256-oQFip+v0luP8NIxJzmiW4Wu8bILsbFWom5l0zonl8hQ=",
        "ref": "master",
        "rev": "4cff07de74b50e64bdd68cd4e722ab5b6b35ee48",
        "revCount": 2406,
        "type": "git",
        "url": "https://github.com/nix-darwin/nix-darwin.git"
      },
      "original": {
        "ref": "master",
        "type": "git",
        "url": "https://github.com/nix-darwin/nix-darwin.git"
      }
    },
    "nix-homebrew": {
      "inputs": {
        "brew-src": "brew-src"
      },
      "locked": {
        "lastModified": 1788981439,
        "narHash": "sha256-fEaFq0XgpgWFPLfpq1UK4/8ylHd2T0+fo6O3hKz1LUM=",
        "ref": "main",
        "rev": "09a921d0181146cf6163ec2cc1db7b6fd539a885",
        "revCount": 170,
        "type": "git",
        "url": "https://github.com/zhaofengli-wip/nix-homebrew.git"
      },
      "original": {
        "ref": "main",
        "type": "git",
        "url": "https://github.com/zhaofengli-wip/nix-homebrew.git"
      }
    },
    "nixpkgs": {
      "locked": {
        "lastModified": 1789012029,
        "narHash": "sha256-1CBkBf+Nhggykzlx0jvXrj5rk20btl+tK8Fa8Ml/BL4=",
        "ref": "nixpkgs-unstable",
        "rev": "d5dfd8e6716dde34398bc14bc87c10dece9c8c68",
        "revCount": 1070774,
        "type": "git",
        "url": "https://github.com/NixOS/nixpkgs.git"
      },
      "original": {
        "ref": "nixpkgs-unstable",
        "type": "git",
        "url": "https://github.com/NixOS/nixpkgs.git"
      }
    },
    "nixpkgs-server": {
      "locked": {
        "lastModified": 1789006805,
        "narHash": "sha256-xB8mKMOx1IA9vTDNLmJZ6n4wCMq/cuWBBOzGCRnqxrU=",
        "owner": "NixOS",
        "repo": "nixpkgs",
        "rev": "8ce4ef6cb6f871616146b9fe26d2a5ae594e94fe",
        "type": "github"
      },
      "original": {
        "owner": "NixOS",
        "ref": "nixos-unstable",
        "repo": "nixpkgs",
        "type": "github"
      }
    },
    "root": {
      "inputs": {
        "agent-config": "agent-config",
        "disko": "disko",
        "home-manager": "home-manager",
        "homebrew-aerospace": "homebrew-aerospace",
        "homebrew-cask": "homebrew-cask",
        "homebrew-core": "homebrew-core",
        "nix-darwin": "nix-darwin",
        "nix-homebrew": "nix-homebrew",
        "nixpkgs": "nixpkgs",
        "nixpkgs-server": "nixpkgs-server"
      }
    }
  },
  "root": "root",
  "version": 7
}
